github.com/boltdb/bolt v1.3.1 h1:JQmyP4ZBrce+ZQu0dY660FMfatumYDLun9hBCUVIkF4=
github.com/boltdb/bolt v1.3.1/go.mod h1:clJnj/oiGkjum5o1McbSZDSLxVThjynRyGBgiAx27Ps=
github.com/yanzay/tbot v0.0.0-20190413104716-5b7d5f114e49 h1:pvPDDhBv0nAH99I9q+aSgUwtErhB/Jmnttojx0J3SQQ=
github.com/yanzay/tbot v0.0.0-20190413104716-5b7d5f114e49/go.mod h1:YO5taoKcdI2RJ1x4stiHq5RBVRGHiAdXxaYq5awLJ8A=
golang.org/x/sys v0.0.0-20190412213103-97732733099d h1:+R4KGOnez64A81RvjARKc4UT5/tI9ujCIVX+P5KiHuI=
golang.org/x/sys v0.0.0-20190412213103-97732733099d/go.mod h1:h1NjWce9XRLGQEsW7wpKNCjG9DtNlClVuFLEZdDNbEs=
